{
  "nodes": {
    "nixpkgs": {
      "locked": {
        "lastModified": 1774304105,
        "narHash": "sha256-GcoIHdkDwp4Bwwc3cxQXTMYJtw19zDy0PN/l52ZGvFA=",
        "owner": "NixOS",
        "repo": "nixpkgs",
        "rev": "d13b002d18fb43ad47b7e0d6e0b70f1aa5f34711",
        "type": "github"
      },
      "original": {
        "owner": "NixOS",
        "repo": "nixpkgs",
        "type": "github"
      }
    },
    "root": {
      "inputs": {
        "nixpkgs": "nixpkgs"
      }
    }
  },
  "root": "root",
  "version": 7
}
